
Microsoft Visual Studio Solution File, Format Version 12.00
# Visual Studio Version 17
VisualStudioVersion = 17.7.34221.43
MinimumVisualStudioVersion = 10.0.40219.1
Project("{8BC9CEB8-8B4A-11D0-8D11-00A0C91BC942}") = "lesson_1", "lesson_1\lesson_1.vcxproj", "{8D257496-BB96-43A8-A866-26FB791E885B}"
EndProject
Project("{8BC9CEB8-8B4A-11D0-8D11-00A0C91BC942}") = "testMQTT", "\\PC64\Users\kinko\source\repos\visual-studio-trunya\testMQTT\testMQTT\testMQTT.vcxproj", "{7B6C19AF-6518-43F0-9ADA-B058E97A1BB4}"
EndProject
Project("{8BC9CEB8-8B4A-11D0-8D11-00A0C91BC942}") = "Stroki_trenya", "Stroki_trenya\Stroki_trenya.vcxproj", "{619F1492-EF43-4493-81B2-076705038A99}"
EndProject
Project("{8BC9CEB8-8B4A-11D0-8D11-00A0C91BC942}") = "Ukazateli_na_funkciu", "Ukazateli_na_funkciu\Ukazateli_na_funkciu.vcxproj", "{65339032-7692-4746-ACD5-FABEE4F47668}"
EndProject
Project("{8BC9CEB8-8B4A-11D0-8D11-00A0C91BC942}") = "OOP_№1", "OOP_№1\OOP_№1.vcxproj", "{24831EF1-E39F-4772-BA47-F47EC8F60F16}"
EndProject
Project("{8BC9CEB8-8B4A-11D0-8D11-00A0C91BC942}") = "Konstruktor_kopirovaniya", "ConsoleApplication1\ConsoleApplication1.vcxproj", "{4F28574E-D88B-4B24-95FF-DDBD5A2D8062}"
EndProject
Global
	GlobalSection(SolutionConfigurationPlatforms) = preSolution
		Debug|x64 = Debug|x64
		Debug|x86 = Debug|x86
		Release|x64 = Release|x64
		Release|x86 = Release|x86
	EndGlobalSection
	GlobalSection(ProjectConfigurationPlatforms) = postSolution
		{8D257496-BB96-43A8-A866-26FB791E885B}.Debug|x64.ActiveCfg = Debug|x64
		{8D257496-BB96-43A8-A866-26FB791E885B}.Debug|x64.Build.0 = Debug|x64
		{8D257496-BB96-43A8-A866-26FB791E885B}.Debug|x86.ActiveCfg = Debug|Win32
		{8D257496-BB96-43A8-A866-26FB791E885B}.Debug|x86.Build.0 = Debug|Win32
		{8D257496-BB96-43A8-A866-26FB791E885B}.Release|x64.ActiveCfg = Release|x64
		{8D257496-BB96-43A8-A866-26FB791E885B}.Release|x64.Build.0 = Release|x64
		{8D257496-BB96-43A8-A866-26FB791E885B}.Release|x86.ActiveCfg = Release|Win32
		{8D257496-BB96-43A8-A866-26FB791E885B}.Release|x86.Build.0 = Release|Win32
		{7B6C19AF-6518-43F0-9ADA-B058E97A1BB4}.Debug|x64.ActiveCfg = Debug|x64
		{7B6C19AF-6518-43F0-9ADA-B058E97A1BB4}.Debug|x64.Build.0 = Debug|x64
		{7B6C19AF-6518-43F0-9ADA-B058E97A1BB4}.Debug|x86.ActiveCfg = Debug|Win32
		{7B6C19AF-6518-43F0-9ADA-B058E97A1BB4}.Debug|x86.Build.0 = Debug|Win32
		{7B6C19AF-6518-43F0-9ADA-B058E97A1BB4}.Release|x64.ActiveCfg = Release|x64
		{7B6C19AF-6518-43F0-9ADA-B058E97A1BB4}.Release|x64.Build.0 = Release|x64
		{7B6C19AF-6518-43F0-9ADA-B058E97A1BB4}.Release|x86.ActiveCfg = Release|Win32
		{7B6C19AF-6518-43F0-9ADA-B058E97A1BB4}.Release|x86.Build.0 = Release|Win32
		{619F1492-EF43-4493-81B2-076705038A99}.Debug|x64.ActiveCfg = Debug|x64
		{619F1492-EF43-4493-81B2-076705038A99}.Debug|x64.Build.0 = Debug|x64
		{619F1492-EF43-4493-81B2-076705038A99}.Debug|x86.ActiveCfg = Debug|Win32
		{619F1492-EF43-4493-81B2-076705038A99}.Debug|x86.Build.0 = Debug|Win32
		{619F1492-EF43-4493-81B2-076705038A99}.Release|x64.ActiveCfg = Release|x64
		{619F1492-EF43-4493-81B2-076705038A99}.Release|x64.Build.0 = Release|x64
		{619F1492-EF43-4493-81B2-076705038A99}.Release|x86.ActiveCfg = Release|Win32
		{619F1492-EF43-4493-81B2-076705038A99}.Release|x86.Build.0 = Release|Win32
		{65339032-7692-4746-ACD5-FABEE4F47668}.Debug|x64.ActiveCfg = Debug|x64
		{65339032-7692-4746-ACD5-FABEE4F47668}.Debug|x64.Build.0 = Debug|x64
		{65339032-7692-4746-ACD5-FABEE4F47668}.Debug|x86.ActiveCfg = Debug|Win32
		{65339032-7692-4746-ACD5-FABEE4F47668}.Debug|x86.Build.0 = Debug|Win32
		{65339032-7692-4746-ACD5-FABEE4F47668}.Release|x64.ActiveCfg = Release|x64
		{65339032-7692-4746-ACD5-FABEE4F47668}.Release|x64.Build.0 = Release|x64
		{65339032-7692-4746-ACD5-FABEE4F47668}.Release|x86.ActiveCfg = Release|Win32
		{65339032-7692-4746-ACD5-FABEE4F47668}.Release|x86.Build.0 = Release|Win32
		{24831EF1-E39F-4772-BA47-F47EC8F60F16}.Debug|x64.ActiveCfg = Debug|x64
		{24831EF1-E39F-4772-BA47-F47EC8F60F16}.Debug|x64.Build.0 = Debug|x64
		{24831EF1-E39F-4772-BA47-F47EC8F60F16}.Debug|x86.ActiveCfg = Debug|Win32
		{24831EF1-E39F-4772-BA47-F47EC8F60F16}.Debug|x86.Build.0 = Debug|Win32
		{24831EF1-E39F-4772-BA47-F47EC8F60F16}.Release|x64.ActiveCfg = Release|x64
		{24831EF1-E39F-4772-BA47-F47EC8F60F16}.Release|x64.Build.0 = Release|x64
		{24831EF1-E39F-4772-BA47-F47EC8F60F16}.Release|x86.ActiveCfg = Release|Win32
		{24831EF1-E39F-4772-BA47-F47EC8F60F16}.Release|x86.Build.0 = Release|Win32
		{4F28574E-D88B-4B24-95FF-DDBD5A2D8062}.Debug|x64.ActiveCfg = Debug|x64
		{4F28574E-D88B-4B24-95FF-DDBD5A2D8062}.Debug|x64.Build.0 = Debug|x64
		{4F28574E-D88B-4B24-95FF-DDBD5A2D8062}.Debug|x86.ActiveCfg = Debug|Win32
		{4F28574E-D88B-4B24-95FF-DDBD5A2D8062}.Debug|x86.Build.0 = Debug|Win32
		{4F28574E-D88B-4B24-95FF-DDBD5A2D8062}.Release|x64.ActiveCfg = Release|x64
		{4F28574E-D88B-4B24-95FF-DDBD5A2D8062}.Release|x64.Build.0 = Release|x64
		{4F28574E-D88B-4B24-95FF-DDBD5A2D8062}.Release|x86.ActiveCfg = Release|Win32
		{4F28574E-D88B-4B24-95FF-DDBD5A2D8062}.Release|x86.Build.0 = Release|Win32
	EndGlobalSection
	GlobalSection(SolutionProperties) = preSolution
		HideSolutionNode = FALSE
	EndGlobalSection
	GlobalSection(ExtensibilityGlobals) = postSolution
		SolutionGuid = {BDAD57BE-F2CE-4AE1-BFB0-9F0905334FB2}
	EndGlobalSection
EndGlobal
